
Microsoft Visual Studio Solution File, Format Version 12.00
# Visual Studio Version 16
VisualStudioVersion = 16.0.32929.386
MinimumVisualStudioVersion = 10.0.40219.1
Project("{8BC9CEB8-8B4A-11D0-8D11-00A0C91BC942}") = "esercizi lab martrici", "esercizi lab martrici\esercizi lab martrici.vcxproj", "{FC3F4E15-4B60-4B28-8DAF-4A374C7DA6C8}"
EndProject
Global
	GlobalSection(SolutionConfigurationPlatforms) = preSolution
		Debug|x64 = Debug|x64
		Debug|x86 = Debug|x86
		Release|x64 = Release|x64
		Release|x86 = Release|x86
	EndGlobalSection
	GlobalSection(ProjectConfigurationPlatforms) = postSolution
		{FC3F4E15-4B60-4B28-8DAF-4A374C7DA6C8}.Debug|x64.ActiveCfg = Debug|x64
		{FC3F4E15-4B60-4B28-8DAF-4A374C7DA6C8}.Debug|x64.Build.0 = Debug|x64
		{FC3F4E15-4B60-4B28-8DAF-4A374C7DA6C8}.Debug|x86.ActiveCfg = Debug|Win32
		{FC3F4E15-4B60-4B28-8DAF-4A374C7DA6C8}.Debug|x86.Build.0 = Debug|Win32
		{FC3F4E15-4B60-4B28-8DAF-4A374C7DA6C8}.Release|x64.ActiveCfg = Release|x64
		{FC3F4E15-4B60-4B28-8DAF-4A374C7DA6C8}.Release|x64.Build.0 = Release|x64
		{FC3F4E15-4B60-4B28-8DAF-4A374C7DA6C8}.Release|x86.ActiveCfg = Release|Win32
		{FC3F4E15-4B60-4B28-8DAF-4A374C7DA6C8}.Release|x86.Build.0 = Release|Win32
	EndGlobalSection
	GlobalSection(SolutionProperties) = preSolution
		HideSolutionNode = FALSE
	EndGlobalSection
	GlobalSection(ExtensibilityGlobals) = postSolution
		SolutionGuid = {D3D6D08F-2E5A-4706-992A-60CD60928B69}
	EndGlobalSection
EndGlobal
