
Microsoft Visual Studio Solution File, Format Version 12.00
# Visual Studio Version 16
VisualStudioVersion = 16.0.32929.386
MinimumVisualStudioVersion = 10.0.40219.1
Project("{8BC9CEB8-8B4A-11D0-8D11-00A0C91BC942}") = "Project2", "Project2\Project2.vcxproj", "{049D0AC8-569A-46C6-A889-F3F25D7CD984}"
EndProject
Global
	GlobalSection(SolutionConfigurationPlatforms) = preSolution
		Debug|x64 = Debug|x64
		Debug|x86 = Debug|x86
		Release|x64 = Release|x64
		Release|x86 = Release|x86
	EndGlobalSection
	GlobalSection(ProjectConfigurationPlatforms) = postSolution
		{049D0AC8-569A-46C6-A889-F3F25D7CD984}.Debug|x64.ActiveCfg = Debug|x64
		{049D0AC8-569A-46C6-A889-F3F25D7CD984}.Debug|x64.Build.0 = Debug|x64
		{049D0AC8-569A-46C6-A889-F3F25D7CD984}.Debug|x86.ActiveCfg = Debug|Win32
		{049D0AC8-569A-46C6-A889-F3F25D7CD984}.Debug|x86.Build.0 = Debug|Win32
		{049D0AC8-569A-46C6-A889-F3F25D7CD984}.Release|x64.ActiveCfg = Release|x64
		{049D0AC8-569A-46C6-A889-F3F25D7CD984}.Release|x64.Build.0 = Release|x64
		{049D0AC8-569A-46C6-A889-F3F25D7CD984}.Release|x86.ActiveCfg = Release|Win32
		{049D0AC8-569A-46C6-A889-F3F25D7CD984}.Release|x86.Build.0 = Release|Win32
	EndGlobalSection
	GlobalSection(SolutionProperties) = preSolution
		HideSolutionNode = FALSE
	EndGlobalSection
	GlobalSection(ExtensibilityGlobals) = postSolution
		SolutionGuid = {DB9B9E2E-7584-4C6B-8A5D-A9B864DF46E0}
	EndGlobalSection
EndGlobal
