
Microsoft Visual Studio Solution File, Format Version 12.00
# Visual Studio Version 17
VisualStudioVersion = 17.3.32922.545
MinimumVisualStudioVersion = 10.0.40219.1
Project("{FAE04EC0-301F-11D3-BF4B-00C04F79EFBC}") = "ConsoleApp2", "ConsoleApp2\ConsoleApp2.csproj", "{51BAA8AD-BA94-492E-8946-5F2D84E2700C}"
EndProject
Global
	GlobalSection(SolutionConfigurationPlatforms) = preSolution
		Debug|Any CPU = Debug|Any CPU
		Release|Any CPU = Release|Any CPU
	EndGlobalSection
	GlobalSection(ProjectConfigurationPlatforms) = postSolution
		{51BAA8AD-BA94-492E-8946-5F2D84E2700C}.Debug|Any CPU.ActiveCfg = Debug|Any CPU
		{51BAA8AD-BA94-492E-8946-5F2D84E2700C}.Debug|Any CPU.Build.0 = Debug|Any CPU
		{51BAA8AD-BA94-492E-8946-5F2D84E2700C}.Release|Any CPU.ActiveCfg = Release|Any CPU
		{51BAA8AD-BA94-492E-8946-5F2D84E2700C}.Release|Any CPU.Build.0 = Release|Any CPU
	EndGlobalSection
	GlobalSection(SolutionProperties) = preSolution
		HideSolutionNode = FALSE
	EndGlobalSection
	GlobalSection(ExtensibilityGlobals) = postSolution
		SolutionGuid = {DB8A5F81-CFBD-46B4-BBFB-FFB465D992B6}
	EndGlobalSection
EndGlobal
